// !$*UTF8*$!
{
	archiveVersion = 1;
	classes = {
	};
	objectVersion = 46;
	objects = {

/* Begin PBXBuildFile section */
		9F803F831F1F5F5E0068DD60 /* main.m in Sources */ = {isa = PBXBuildFile; fileRef = 9F803F821F1F5F5E0068DD60 /* main.m */; };
		9F803F861F1F5F5E0068DD60 /* AppDelegate.m in Sources */ = {isa = PBXBuildFile; fileRef = 9F803F851F1F5F5E0068DD60 /* AppDelegate.m */; };
		9F803F891F1F5F5E0068DD60 /* ViewController.m in Sources */ = {isa = PBXBuildFile; fileRef = 9F803F881F1F5F5E0068DD60 /* ViewController.m */; };
		9F803F8C1F1F5F5E0068DD60 /* Main.storyboard in Resources */ = {isa = PBXBuildFile; fileRef = 9F803F8A1F1F5F5E0068DD60 /* Main.storyboard */; };
		9F803F8E1F1F5F5E0068DD60 /* Assets.xcassets in Resources */ = {isa = PBXBuildFile; fileRef = 9F803F8D1F1F5F5E0068DD60 /* Assets.xcassets */; };
		9F803F911F1F5F5E0068DD60 /* LaunchScreen.storyboard in Resources */ = {isa = PBXBuildFile; fileRef = 9F803F8F1F1F5F5E0068DD60 /* LaunchScreen.storyboard */; };
		9F803F9B1F1F5FD50068DD60 /* LTLinePoint.m in Sources */ = {isa = PBXBuildFile; fileRef = 9F803F9A1F1F5FD50068DD60 /* LTLinePoint.m */; };
		9F803F9E1F1F60150068DD60 /* LTLineView.m in Sources */ = {isa = PBXBuildFile; fileRef = 9F803F9D1F1F60150068DD60 /* LTLineView.m */; };
		9F803FA11F1F60200068DD60 /* LTLinewScrollView.m in Sources */ = {isa = PBXBuildFile; fileRef = 9F803FA01F1F60200068DD60 /* LTLinewScrollView.m */; };
		9F803FA41F1F602C0068DD60 /* LTLine.m in Sources */ = {isa = PBXBuildFile; fileRef = 9F803FA31F1F602C0068DD60 /* LTLine.m */; };
		9F803FAB1F1F60AC0068DD60 /* 数值背景@2x.png in Resources */ = {isa = PBXBuildFile; fileRef = 9F803FA51F1F60AC0068DD60 /* 数值背景@2x.png */; };
		9F803FAC1F1F60AC0068DD60 /* 数值背景@3x.png in Resources */ = {isa = PBXBuildFile; fileRef = 9F803FA61F1F60AC0068DD60 /* 数值背景@3x.png */; };
		9F803FAD1F1F60AC0068DD60 /* 选中-线@2x.png in Resources */ = {isa = PBXBuildFile; fileRef = 9F803FA71F1F60AC0068DD60 /* 选中-线@2x.png */; };
		9F803FAE1F1F60AC0068DD60 /* 选中-线@3x.png in Resources */ = {isa = PBXBuildFile; fileRef = 9F803FA81F1F60AC0068DD60 /* 选中-线@3x.png */; };
		9F803FAF1F1F60AC0068DD60 /* 预测减重线@2x.png in Resources */ = {isa = PBXBuildFile; fileRef = 9F803FA91F1F60AC0068DD60 /* 预测减重线@2x.png */; };
		9F803FB01F1F60AC0068DD60 /* 预测减重线@3x.png in Resources */ = {isa = PBXBuildFile; fileRef = 9F803FAA1F1F60AC0068DD60 /* 预测减重线@3x.png */; };
		9F803FC71F1F61C80068DD60 /* MJExtensionConst.m in Sources */ = {isa = PBXBuildFile; fileRef = 9F803FB41F1F61C80068DD60 /* MJExtensionConst.m */; };
		9F803FC81F1F61C80068DD60 /* MJFoundation.m in Sources */ = {isa = PBXBuildFile; fileRef = 9F803FB61F1F61C80068DD60 /* MJFoundation.m */; };
		9F803FC91F1F61C80068DD60 /* MJProperty.m in Sources */ = {isa = PBXBuildFile; fileRef = 9F803FB81F1F61C80068DD60 /* MJProperty.m */; };
		9F803FCA1F1F61C80068DD60 /* MJPropertyKey.m in Sources */ = {isa = PBXBuildFile; fileRef = 9F803FBA1F1F61C80068DD60 /* MJPropertyKey.m */; };
		9F803FCB1F1F61C80068DD60 /* MJPropertyType.m in Sources */ = {isa = PBXBuildFile; fileRef = 9F803FBC1F1F61C80068DD60 /* MJPropertyType.m */; };
		9F803FCC1F1F61C80068DD60 /* NSObject+MJClass.m in Sources */ = {isa = PBXBuildFile; fileRef = 9F803FBE1F1F61C80068DD60 /* NSObject+MJClass.m */; };
		9F803FCD1F1F61C80068DD60 /* NSObject+MJCoding.m in Sources */ = {isa = PBXBuildFile; fileRef = 9F803FC01F1F61C80068DD60 /* NSObject+MJCoding.m */; };
		9F803FCE1F1F61C80068DD60 /* NSObject+MJKeyValue.m in Sources */ = {isa = PBXBuildFile; fileRef = 9F803FC21F1F61C80068DD60 /* NSObject+MJKeyValue.m */; };
		9F803FCF1F1F61C80068DD60 /* NSObject+MJProperty.m in Sources */ = {isa = PBXBuildFile; fileRef = 9F803FC41F1F61C80068DD60 /* NSObject+MJProperty.m */; };
		9F803FD01F1F61C80068DD60 /* NSString+MJExtension.m in Sources */ = {isa = PBXBuildFile; fileRef = 9F803FC61F1F61C80068DD60 /* NSString+MJExtension.m */; };
		9F803FD71F1F65A30068DD60 /* CALayer+Extension.m in Sources */ = {isa = PBXBuildFile; fileRef = 9F803FD61F1F65A30068DD60 /* CALayer+Extension.m */; };
		9F803FDA1F1F67DC0068DD60 /* UIView+Extension.m in Sources */ = {isa = PBXBuildFile; fileRef = 9F803FD91F1F67DC0068DD60 /* UIView+Extension.m */; };
/* End PBXBuildFile section */

/* Begin PBXFileReference section */
		9F803F7E1F1F5F5E0068DD60 /* LTLineView.app */ = {isa = PBXFileReference; explicitFileType = wrapper.application; includeInIndex = 0; path = LTLineView.app; sourceTree = BUILT_PRODUCTS_DIR; };
		9F803F821F1F5F5E0068DD60 /* main.m */ = {isa = PBXFileReference; lastKnownFileType = sourcecode.c.objc; path = main.m; sourceTree = "<group>"; };
		9F803F841F1F5F5E0068DD60 /* AppDelegate.h */ = {isa = PBXFileReference; lastKnownFileType = sourcecode.c.h; path = AppDelegate.h; sourceTree = "<group>"; };
		9F803F851F1F5F5E0068DD60 /* AppDelegate.m */ = {isa = PBXFileReference; lastKnownFileType = sourcecode.c.objc; path = AppDelegate.m; sourceTree = "<group>"; };
		9F803F871F1F5F5E0068DD60 /* ViewController.h */ = {isa = PBXFileReference; lastKnownFileType = sourcecode.c.h; path = ViewController.h; sourceTree = "<group>"; };
		9F803F881F1F5F5E0068DD60 /* ViewController.m */ = {isa = PBXFileReference; lastKnownFileType = sourcecode.c.objc; path = ViewController.m; sourceTree = "<group>"; };
		9F803F8B1F1F5F5E0068DD60 /* Base */ = {isa = PBXFileReference; lastKnownFileType = file.storyboard; name = Base; path = Base.lproj/Main.storyboard; sourceTree = "<group>"; };
		9F803F8D1F1F5F5E0068DD60 /* Assets.xcassets */ = {isa = PBXFileReference; lastKnownFileType = folder.assetcatalog; path = Assets.xcassets; sourceTree = "<group>"; };
		9F803F901F1F5F5E0068DD60 /* Base */ = {isa = PBXFileReference; lastKnownFileType = file.storyboard; name = Base; path = Base.lproj/LaunchScreen.storyboard; sourceTree = "<group>"; };
		9F803F921F1F5F5E0068DD60 /* Info.plist */ = {isa = PBXFileReference; lastKnownFileType = text.plist.xml; path = Info.plist; sourceTree = "<group>"; };
		9F803F991F1F5FD50068DD60 /* LTLinePoint.h */ = {isa = PBXFileReference; fileEncoding = 4; lastKnownFileType = sourcecode.c.h; path = LTLinePoint.h; sourceTree = "<group>"; };
		9F803F9A1F1F5FD50068DD60 /* LTLinePoint.m */ = {isa = PBXFileReference; fileEncoding = 4; lastKnownFileType = sourcecode.c.objc; path = LTLinePoint.m; sourceTree = "<group>"; };
		9F803F9C1F1F60150068DD60 /* LTLineView.h */ = {isa = PBXFileReference; fileEncoding = 4; lastKnownFileType = sourcecode.c.h; path = LTLineView.h; sourceTree = "<group>"; };
		9F803F9D1F1F60150068DD60 /* LTLineView.m */ = {isa = PBXFileReference; fileEncoding = 4; lastKnownFileType = sourcecode.c.objc; path = LTLineView.m; sourceTree = "<group>"; };
		9F803F9F1F1F60200068DD60 /* LTLinewScrollView.h */ = {isa = PBXFileReference; fileEncoding = 4; lastKnownFileType = sourcecode.c.h; path = LTLinewScrollView.h; sourceTree = "<group>"; };
		9F803FA01F1F60200068DD60 /* LTLinewScrollView.m */ = {isa = PBXFileReference; fileEncoding = 4; lastKnownFileType = sourcecode.c.objc; path = LTLinewScrollView.m; sourceTree = "<group>"; };
		9F803FA21F1F602C0068DD60 /* LTLine.h */ = {isa = PBXFileReference; fileEncoding = 4; lastKnownFileType = sourcecode.c.h; path = LTLine.h; sourceTree = "<group>"; };
		9F803FA31F1F602C0068DD60 /* LTLine.m */ = {isa = PBXFileReference; fileEncoding = 4; lastKnownFileType = sourcecode.c.objc; path = LTLine.m; sourceTree = "<group>"; };
		9F803FA51F1F60AC0068DD60 /* 数值背景@2x.png */ = {isa = PBXFileReference; lastKnownFileType = image.png; path = "数值背景@2x.png"; sourceTree = "<group>"; };
		9F803FA61F1F60AC0068DD60 /* 数值背景@3x.png */ = {isa = PBXFileReference; lastKnownFileType = image.png; path = "数值背景@3x.png"; sourceTree = "<group>"; };
		9F803FA71F1F60AC0068DD60 /* 选中-线@2x.png */ = {isa = PBXFileReference; lastKnownFileType = image.png; path = "选中-线@2x.png"; sourceTree = "<group>"; };
		9F803FA81F1F60AC0068DD60 /* 选中-线@3x.png */ = {isa = PBXFileReference; lastKnownFileType = image.png; path = "选中-线@3x.png"; sourceTree = "<group>"; };
		9F803FA91F1F60AC0068DD60 /* 预测减重线@2x.png */ = {isa = PBXFileReference; lastKnownFileType = image.png; path = "预测减重线@2x.png"; sourceTree = "<group>"; };
		9F803FAA1F1F60AC0068DD60 /* 预测减重线@3x.png */ = {isa = PBXFileReference; lastKnownFileType = image.png; path = "预测减重线@3x.png"; sourceTree = "<group>"; };
		9F803FB21F1F61C80068DD60 /* MJExtension.h */ = {isa = PBXFileReference; fileEncoding = 4; lastKnownFileType = sourcecode.c.h; path = MJExtension.h; sourceTree = "<group>"; };
		9F803FB31F1F61C80068DD60 /* MJExtensionConst.h */ = {isa = PBXFileReference; fileEncoding = 4; lastKnownFileType = sourcecode.c.h; path = MJExtensionConst.h; sourceTree = "<group>"; };
		9F803FB41F1F61C80068DD60 /* MJExtensionConst.m */ = {isa = PBXFileReference; fileEncoding = 4; lastKnownFileType = sourcecode.c.objc; path = MJExtensionConst.m; sourceTree = "<group>"; };
		9F803FB51F1F61C80068DD60 /* MJFoundation.h */ = {isa = PBXFileReference; fileEncoding = 4; lastKnownFileType = sourcecode.c.h; path = MJFoundation.h; sourceTree = "<group>"; };
		9F803FB61F1F61C80068DD60 /* MJFoundation.m */ = {isa = PBXFileReference; fileEncoding = 4; lastKnownFileType = sourcecode.c.objc; path = MJFoundation.m; sourceTree = "<group>"; };
		9F803FB71F1F61C80068DD60 /* MJProperty.h */ = {isa = PBXFileReference; fileEncoding = 4; lastKnownFileType = sourcecode.c.h; path = MJProperty.h; sourceTree = "<group>"; };
		9F803FB81F1F61C80068DD60 /* MJProperty.m */ = {isa = PBXFileReference; fileEncoding = 4; lastKnownFileType = sourcecode.c.objc; path = MJProperty.m; sourceTree = "<group>"; };
		9F803FB91F1F61C80068DD60 /* MJPropertyKey.h */ = {isa = PBXFileReference; fileEncoding = 4; lastKnownFileType = sourcecode.c.h; path = MJPropertyKey.h; sourceTree = "<group>"; };
		9F803FBA1F1F61C80068DD60 /* MJPropertyKey.m */ = {isa = PBXFileReference; fileEncoding = 4; lastKnownFileType = sourcecode.c.objc; path = MJPropertyKey.m; sourceTree = "<group>"; };
		9F803FBB1F1F61C80068DD60 /* MJPropertyType.h */ = {isa = PBXFileReference; fileEncoding = 4; lastKnownFileType = sourcecode.c.h; path = MJPropertyType.h; sourceTree = "<group>"; };
		9F803FBC1F1F61C80068DD60 /* MJPropertyType.m */ = {isa = PBXFileReference; fileEncoding = 4; lastKnownFileType = sourcecode.c.objc; path = MJPropertyType.m; sourceTree = "<group>"; };
		9F803FBD1F1F61C80068DD60 /* NSObject+MJClass.h */ = {isa = PBXFileReference; fileEncoding = 4; lastKnownFileType = sourcecode.c.h; path = "NSObject+MJClass.h"; sourceTree = "<group>"; };
		9F803FBE1F1F61C80068DD60 /* NSObject+MJClass.m */ = {isa = PBXFileReference; fileEncoding = 4; lastKnownFileType = sourcecode.c.objc; path = "NSObject+MJClass.m"; sourceTree = "<group>"; };
		9F803FBF1F1F61C80068DD60 /* NSObject+MJCoding.h */ = {isa = PBXFileReference; fileEncoding = 4; lastKnownFileType = sourcecode.c.h; path = "NSObject+MJCoding.h"; sourceTree = "<group>"; };
		9F803FC01F1F61C80068DD60 /* NSObject+MJCoding.m */ = {isa = PBXFileReference; fileEncoding = 4; lastKnownFileType = sourcecode.c.objc; path = "NSObject+MJCoding.m"; sourceTree = "<group>"; };
		9F803FC11F1F61C80068DD60 /* NSObject+MJKeyValue.h */ = {isa = PBXFileReference; fileEncoding = 4; lastKnownFileType = sourcecode.c.h; path = "NSObject+MJKeyValue.h"; sourceTree = "<group>"; };
		9F803FC21F1F61C80068DD60 /* NSObject+MJKeyValue.m */ = {isa = PBXFileReference; fileEncoding = 4; lastKnownFileType = sourcecode.c.objc; path = "NSObject+MJKeyValue.m"; sourceTree = "<group>"; };
		9F803FC31F1F61C80068DD60 /* NSObject+MJProperty.h */ = {isa = PBXFileReference; fileEncoding = 4; lastKnownFileType = sourcecode.c.h; path = "NSObject+MJProperty.h"; sourceTree = "<group>"; };
		9F803FC41F1F61C80068DD60 /* NSObject+MJProperty.m */ = {isa = PBXFileReference; fileEncoding = 4; lastKnownFileType = sourcecode.c.objc; path = "NSObject+MJProperty.m"; sourceTree = "<group>"; };
		9F803FC51F1F61C80068DD60 /* NSString+MJExtension.h */ = {isa = PBXFileReference; fileEncoding = 4; lastKnownFileType = sourcecode.c.h; path = "NSString+MJExtension.h"; sourceTree = "<group>"; };
		9F803FC61F1F61C80068DD60 /* NSString+MJExtension.m */ = {isa = PBXFileReference; fileEncoding = 4; lastKnownFileType = sourcecode.c.objc; path = "NSString+MJExtension.m"; sourceTree = "<group>"; };
		9F803FD51F1F65A30068DD60 /* CALayer+Extension.h */ = {isa = PBXFileReference; fileEncoding = 4; lastKnownFileType = sourcecode.c.h; path = "CALayer+Extension.h"; sourceTree = "<group>"; };
		9F803FD61F1F65A30068DD60 /* CALayer+Extension.m */ = {isa = PBXFileReference; fileEncoding = 4; lastKnownFileType = sourcecode.c.objc; path = "CALayer+Extension.m"; sourceTree = "<group>"; };
		9F803FD81F1F67DC0068DD60 /* UIView+Extension.h */ = {isa = PBXFileReference; fileEncoding = 4; lastKnownFileType = sourcecode.c.h; path = "UIView+Extension.h"; sourceTree = "<group>"; };
		9F803FD91F1F67DC0068DD60 /* UIView+Extension.m */ = {isa = PBXFileReference; fileEncoding = 4; lastKnownFileType = sourcecode.c.objc; path = "UIView+Extension.m"; sourceTree = "<group>"; };
/* End PBXFileReference section */

/* Begin PBXFrameworksBuildPhase section */
		9F803F7B1F1F5F5E0068DD60 /* Frameworks */ = {
			isa = PBXFrameworksBuildPhase;
			buildActionMask = 2147483647;
			files = (
			);
			runOnlyForDeploymentPostprocessing = 0;
		};
/* End PBXFrameworksBuildPhase section */

/* Begin PBXGroup section */
		9F803F751F1F5F5E0068DD60 = {
			isa = PBXGroup;
			children = (
				9F803F801F1F5F5E0068DD60 /* LTLineView */,
				9F803F7F1F1F5F5E0068DD60 /* Products */,
			);
			sourceTree = "<group>";
		};
		9F803F7F1F1F5F5E0068DD60 /* Products */ = {
			isa = PBXGroup;
			children = (
				9F803F7E1F1F5F5E0068DD60 /* LTLineView.app */,
			);
			name = Products;
			sourceTree = "<group>";
		};
		9F803F801F1F5F5E0068DD60 /* LTLineView */ = {
			isa = PBXGroup;
			children = (
				9F803F981F1F5FB10068DD60 /* LTLine */,
				9F803F841F1F5F5E0068DD60 /* AppDelegate.h */,
				9F803F851F1F5F5E0068DD60 /* AppDelegate.m */,
				9F803F871F1F5F5E0068DD60 /* ViewController.h */,
				9F803F881F1F5F5E0068DD60 /* ViewController.m */,
				9F803F8A1F1F5F5E0068DD60 /* Main.storyboard */,
				9F803F8D1F1F5F5E0068DD60 /* Assets.xcassets */,
				9F803F8F1F1F5F5E0068DD60 /* LaunchScreen.storyboard */,
				9F803F921F1F5F5E0068DD60 /* Info.plist */,
				9F803F811F1F5F5E0068DD60 /* Supporting Files */,
			);
			path = LTLineView;
			sourceTree = "<group>";
		};
		9F803F811F1F5F5E0068DD60 /* Supporting Files */ = {
			isa = PBXGroup;
			children = (
				9F803F821F1F5F5E0068DD60 /* main.m */,
			);
			name = "Supporting Files";
			sourceTree = "<group>";
		};
		9F803F981F1F5FB10068DD60 /* LTLine */ = {
			isa = PBXGroup;
			children = (
				9F803FD11F1F65690068DD60 /* Category */,
				9F803FB11F1F61C80068DD60 /* MJExtension */,
				9F803FA51F1F60AC0068DD60 /* 数值背景@2x.png */,
				9F803FA61F1F60AC0068DD60 /* 数值背景@3x.png */,
				9F803FA71F1F60AC0068DD60 /* 选中-线@2x.png */,
				9F803FA81F1F60AC0068DD60 /* 选中-线@3x.png */,
				9F803FA91F1F60AC0068DD60 /* 预测减重线@2x.png */,
				9F803FAA1F1F60AC0068DD60 /* 预测减重线@3x.png */,
				9F803F991F1F5FD50068DD60 /* LTLinePoint.h */,
				9F803F9A1F1F5FD50068DD60 /* LTLinePoint.m */,
				9F803F9C1F1F60150068DD60 /* LTLineView.h */,
				9F803F9D1F1F60150068DD60 /* LTLineView.m */,
				9F803F9F1F1F60200068DD60 /* LTLinewScrollView.h */,
				9F803FA01F1F60200068DD60 /* LTLinewScrollView.m */,
				9F803FA21F1F602C0068DD60 /* LTLine.h */,
				9F803FA31F1F602C0068DD60 /* LTLine.m */,
			);
			path = LTLine;
			sourceTree = "<group>";
		};
		9F803FB11F1F61C80068DD60 /* MJExtension */ = {
			isa = PBXGroup;
			children = (
				9F803FB21F1F61C80068DD60 /* MJExtension.h */,
				9F803FB31F1F61C80068DD60 /* MJExtensionConst.h */,
				9F803FB41F1F61C80068DD60 /* MJExtensionConst.m */,
				9F803FB51F1F61C80068DD60 /* MJFoundation.h */,
				9F803FB61F1F61C80068DD60 /* MJFoundation.m */,
				9F803FB71F1F61C80068DD60 /* MJProperty.h */,
				9F803FB81F1F61C80068DD60 /* MJProperty.m */,
				9F803FB91F1F61C80068DD60 /* MJPropertyKey.h */,
				9F803FBA1F1F61C80068DD60 /* MJPropertyKey.m */,
				9F803FBB1F1F61C80068DD60 /* MJPropertyType.h */,
				9F803FBC1F1F61C80068DD60 /* MJPropertyType.m */,
				9F803FBD1F1F61C80068DD60 /* NSObject+MJClass.h */,
				9F803FBE1F1F61C80068DD60 /* NSObject+MJClass.m */,
				9F803FBF1F1F61C80068DD60 /* NSObject+MJCoding.h */,
				9F803FC01F1F61C80068DD60 /* NSObject+MJCoding.m */,
				9F803FC11F1F61C80068DD60 /* NSObject+MJKeyValue.h */,
				9F803FC21F1F61C80068DD60 /* NSObject+MJKeyValue.m */,
				9F803FC31F1F61C80068DD60 /* NSObject+MJProperty.h */,
				9F803FC41F1F61C80068DD60 /* NSObject+MJProperty.m */,
				9F803FC51F1F61C80068DD60 /* NSString+MJExtension.h */,
				9F803FC61F1F61C80068DD60 /* NSString+MJExtension.m */,
			);
			path = MJExtension;
			sourceTree = "<group>";
		};
		9F803FD11F1F65690068DD60 /* Category */ = {
			isa = PBXGroup;
			children = (
				9F803FD51F1F65A30068DD60 /* CALayer+Extension.h */,
				9F803FD61F1F65A30068DD60 /* CALayer+Extension.m */,
				9F803FD81F1F67DC0068DD60 /* UIView+Extension.h */,
				9F803FD91F1F67DC0068DD60 /* UIView+Extension.m */,
			);
			path = Category;
			sourceTree = "<group>";
		};
/* End PBXGroup section */

/* Begin PBXNativeTarget section */
		9F803F7D1F1F5F5E0068DD60 /* LTLineView */ = {
			isa = PBXNativeTarget;
			buildConfigurationList = 9F803F951F1F5F5E0068DD60 /* Build configuration list for PBXNativeTarget "LTLineView" */;
			buildPhases = (
				9F803F7A1F1F5F5E0068DD60 /* Sources */,
				9F803F7B1F1F5F5E0068DD60 /* Frameworks */,
				9F803F7C1F1F5F5E0068DD60 /* Resources */,
			);
			buildRules = (
			);
			dependencies = (
			);
			name = LTLineView;
			productName = LTLineView;
			productReference = 9F803F7E1F1F5F5E0068DD60 /* LTLineView.app */;
			productType = "com.apple.product-type.application";
		};
/* End PBXNativeTarget section */

/* Begin PBXProject section */
		9F803F761F1F5F5E0068DD60 /* Project object */ = {
			isa = PBXProject;
			attributes = {
				LastUpgradeCheck = 0830;
				ORGANIZATIONNAME = linitial;
				TargetAttributes = {
					9F803F7D1F1F5F5E0068DD60 = {
						CreatedOnToolsVersion = 8.3.2;
						DevelopmentTeam = 2KTSJZ2Z9P;
						ProvisioningStyle = Automatic;
					};
				};
			};
			buildConfigurationList = 9F803F791F1F5F5E0068DD60 /* Build configuration list for PBXProject "LTLineView" */;
			compatibilityVersion = "Xcode 3.2";
			developmentRegion = English;
			hasScannedForEncodings = 0;
			knownRegions = (
				en,
				Base,
			);
			mainGroup = 9F803F751F1F5F5E0068DD60;
			productRefGroup = 9F803F7F1F1F5F5E0068DD60 /* Products */;
			projectDirPath = "";
			projectRoot = "";
			targets = (
				9F803F7D1F1F5F5E0068DD60 /* LTLineView */,
			);
		};
/* End PBXProject section */

/* Begin PBXResourcesBuildPhase section */
		9F803F7C1F1F5F5E0068DD60 /* Resources */ = {
			isa = PBXResourcesBuildPhase;
			buildActionMask = 2147483647;
			files = (
				9F803FAE1F1F60AC0068DD60 /* 选中-线@3x.png in Resources */,
				9F803FAD1F1F60AC0068DD60 /* 选中-线@2x.png in Resources */,
				9F803F911F1F5F5E0068DD60 /* LaunchScreen.storyboard in Resources */,
				9F803FAF1F1F60AC0068DD60 /* 预测减重线@2x.png in Resources */,
				9F803FB01F1F60AC0068DD60 /* 预测减重线@3x.png in Resources */,
				9F803F8E1F1F5F5E0068DD60 /* Assets.xcassets in Resources */,
				9F803F8C1F1F5F5E0068DD60 /* Main.storyboard in Resources */,
				9F803FAC1F1F60AC0068DD60 /* 数值背景@3x.png in Resources */,
				9F803FAB1F1F60AC0068DD60 /* 数值背景@2x.png in Resources */,
			);
			runOnlyForDeploymentPostprocessing = 0;
		};
/* End PBXResourcesBuildPhase section */

/* Begin PBXSourcesBuildPhase section */
		9F803F7A1F1F5F5E0068DD60 /* Sources */ = {
			isa = PBXSourcesBuildPhase;
			buildActionMask = 2147483647;
			files = (
				9F803FCD1F1F61C80068DD60 /* NSObject+MJCoding.m in Sources */,
				9F803FC71F1F61C80068DD60 /* MJExtensionConst.m in Sources */,
				9F803FCC1F1F61C80068DD60 /* NSObject+MJClass.m in Sources */,
				9F803FCA1F1F61C80068DD60 /* MJPropertyKey.m in Sources */,
				9F803F891F1F5F5E0068DD60 /* ViewController.m in Sources */,
				9F803FD71F1F65A30068DD60 /* CALayer+Extension.m in Sources */,
				9F803FDA1F1F67DC0068DD60 /* UIView+Extension.m in Sources */,
				9F803F861F1F5F5E0068DD60 /* AppDelegate.m in Sources */,
				9F803FC91F1F61C80068DD60 /* MJProperty.m in Sources */,
				9F803FC81F1F61C80068DD60 /* MJFoundation.m in Sources */,
				9F803F9E1F1F60150068DD60 /* LTLineView.m in Sources */,
				9F803FA41F1F602C0068DD60 /* LTLine.m in Sources */,
				9F803FA11F1F60200068DD60 /* LTLinewScrollView.m in Sources */,
				9F803FCB1F1F61C80068DD60 /* MJPropertyType.m in Sources */,
				9F803F9B1F1F5FD50068DD60 /* LTLinePoint.m in Sources */,
				9F803FCE1F1F61C80068DD60 /* NSObject+MJKeyValue.m in Sources */,
				9F803FD01F1F61C80068DD60 /* NSString+MJExtension.m in Sources */,
				9F803F831F1F5F5E0068DD60 /* main.m in Sources */,
				9F803FCF1F1F61C80068DD60 /* NSObject+MJProperty.m in Sources */,
			);
			runOnlyForDeploymentPostprocessing = 0;
		};
/* End PBXSourcesBuildPhase section */

/* Begin PBXVariantGroup section */
		9F803F8A1F1F5F5E0068DD60 /* Main.storyboard */ = {
			isa = PBXVariantGroup;
			children = (
				9F803F8B1F1F5F5E0068DD60 /* Base */,
			);
			name = Main.storyboard;
			sourceTree = "<group>";
		};
		9F803F8F1F1F5F5E0068DD60 /* LaunchScreen.storyboard */ = {
			isa = PBXVariantGroup;
			children = (
				9F803F901F1F5F5E0068DD60 /* Base */,
			);
			name = LaunchScreen.storyboard;
			sourceTree = "<group>";
		};
/* End PBXVariantGroup section */

/* Begin XCBuildConfiguration section */
		9F803F931F1F5F5E0068DD60 /* Debug */ = {
			isa = XCBuildConfiguration;
			buildSettings = {
				ALWAYS_SEARCH_USER_PATHS = NO;
				CLANG_ANALYZER_NONNULL = YES;
				CLANG_ANALYZER_NUMBER_OBJECT_CONVERSION = YES_AGGRESSIVE;
				CLANG_CXX_LANGUAGE_STANDARD = "gnu++0x";
				CLANG_CXX_LIBRARY = "libc++";
				CLANG_ENABLE_MODULES = YES;
				CLANG_ENABLE_OBJC_ARC = YES;
				CLANG_WARN_BOOL_CONVERSION = YES;
				CLANG_WARN_CONSTANT_CONVERSION = YES;
				CLANG_WARN_DIRECT_OBJC_ISA_USAGE = YES_ERROR;
				CLANG_WARN_DOCUMENTATION_COMMENTS = YES;
				CLANG_WARN_EMPTY_BODY = YES;
				CLANG_WARN_ENUM_CONVERSION = YES;
				CLANG_WARN_INFINITE_RECURSION = YES;
				CLANG_WARN_INT_CONVERSION = YES;
				CLANG_WARN_OBJC_ROOT_CLASS = YES_ERROR;
				CLANG_WARN_SUSPICIOUS_MOVE = YES;
				CLANG_WARN_UNREACHABLE_CODE = YES;
				CLANG_WARN__DUPLICATE_METHOD_MATCH = YES;
				"CODE_SIGN_IDENTITY[sdk=iphoneos*]" = "iPhone Developer";
				COPY_PHASE_STRIP = NO;
				DEBUG_INFORMATION_FORMAT = dwarf;
				ENABLE_STRICT_OBJC_MSGSEND = YES;
				ENABLE_TESTABILITY = YES;
				GCC_C_LANGUAGE_STANDARD = gnu99;
				GCC_DYNAMIC_NO_PIC = NO;
				GCC_NO_COMMON_BLOCKS = YES;
				GCC_OPTIMIZATION_LEVEL = 0;
				GCC_PREPROCESSOR_DEFINITIONS = (
					"DEBUG=1",
					"$(inherited)",
				);
				GCC_WARN_64_TO_32_BIT_CONVERSION = YES;
				GCC_WARN_ABOUT_RETURN_TYPE = YES_ERROR;
				GCC_WARN_UNDECLARED_SELECTOR = YES;
				GCC_WARN_UNINITIALIZED_AUTOS = YES_AGGRESSIVE;
				GCC_WARN_UNUSED_FUNCTION = YES;
				GCC_WARN_UNUSED_VARIABLE = YES;
				IPHONEOS_DEPLOYMENT_TARGET = 10.3;
				MTL_ENABLE_DEBUG_INFO = YES;
				ONLY_ACTIVE_ARCH = YES;
				SDKROOT = iphoneos;
			};
			name = Debug;
		};
		9F803F941F1F5F5E0068DD60 /* Release */ = {
			isa = XCBuildConfiguration;
			buildSettings = {
				ALWAYS_SEARCH_USER_PATHS = NO;
				CLANG_ANALYZER_NONNULL = YES;
				CLANG_ANALYZER_NUMBER_OBJECT_CONVERSION = YES_AGGRESSIVE;
				CLANG_CXX_LANGUAGE_STANDARD = "gnu++0x";
				CLANG_CXX_LIBRARY = "libc++";
				CLANG_ENABLE_MODULES = YES;
				CLANG_ENABLE_OBJC_ARC = YES;
				CLANG_WARN_BOOL_CONVERSION = YES;
				CLANG_WARN_CONSTANT_CONVERSION = YES;
				CLANG_WARN_DIRECT_OBJC_ISA_USAGE = YES_ERROR;
				CLANG_WARN_DOCUMENTATION_COMMENTS = YES;
				CLANG_WARN_EMPTY_BODY = YES;
				CLANG_WARN_ENUM_CONVERSION = YES;
				CLANG_WARN_INFINITE_RECURSION = YES;
				CLANG_WARN_INT_CONVERSION = YES;
				CLANG_WARN_OBJC_ROOT_CLASS = YES_ERROR;
				CLANG_WARN_SUSPICIOUS_MOVE = YES;
				CLANG_WARN_UNREACHABLE_CODE = YES;
				CLANG_WARN__DUPLICATE_METHOD_MATCH = YES;
				"CODE_SIGN_IDENTITY[sdk=iphoneos*]" = "iPhone Developer";
				COPY_PHASE_STRIP = NO;
				DEBUG_INFORMATION_FORMAT = "dwarf-with-dsym";
				ENABLE_NS_ASSERTIONS = NO;
				ENABLE_STRICT_OBJC_MSGSEND = YES;
				GCC_C_LANGUAGE_STANDARD = gnu99;
				GCC_NO_COMMON_BLOCKS = YES;
				GCC_WARN_64_TO_32_BIT_CONVERSION = YES;
				GCC_WARN_ABOUT_RETURN_TYPE = YES_ERROR;
				GCC_WARN_UNDECLARED_SELECTOR = YES;
				GCC_WARN_UNINITIALIZED_AUTOS = YES_AGGRESSIVE;
				GCC_WARN_UNUSED_FUNCTION = YES;
				GCC_WARN_UNUSED_VARIABLE = YES;
				IPHONEOS_DEPLOYMENT_TARGET = 10.3;
				MTL_ENABLE_DEBUG_INFO = NO;
				SDKROOT = iphoneos;
				VALIDATE_PRODUCT = YES;
			};
			name = Release;
		};
		9F803F961F1F5F5E0068DD60 /* Debug */ = {
			isa = XCBuildConfiguration;
			buildSettings = {
				ASSETCATALOG_COMPILER_APPICON_NAME = AppIcon;
				DEVELOPMENT_TEAM = 2KTSJZ2Z9P;
				INFOPLIST_FILE = LTLineView/Info.plist;
				LD_RUNPATH_SEARCH_PATHS = "$(inherited) @executable_path/Frameworks";
				PRODUCT_BUNDLE_IDENTIFIER = linitial.LTLineView;
				PRODUCT_NAME = "$(TARGET_NAME)";
			};
			name = Debug;
		};
		9F803F971F1F5F5E0068DD60 /* Release */ = {
			isa = XCBuildConfiguration;
			buildSettings = {
				ASSETCATALOG_COMPILER_APPICON_NAME = AppIcon;
				DEVELOPMENT_TEAM = 2KTSJZ2Z9P;
				INFOPLIST_FILE = LTLineView/Info.plist;
				LD_RUNPATH_SEARCH_PATHS = "$(inherited) @executable_path/Frameworks";
				PRODUCT_BUNDLE_IDENTIFIER = linitial.LTLineView;
				PRODUCT_NAME = "$(TARGET_NAME)";
			};
			name = Release;
		};
/* End XCBuildConfiguration section */

/* Begin XCConfigurationList section */
		9F803F791F1F5F5E0068DD60 /* Build configuration list for PBXProject "LTLineView" */ = {
			isa = XCConfigurationList;
			buildConfigurations = (
				9F803F931F1F5F5E0068DD60 /* Debug */,
				9F803F941F1F5F5E0068DD60 /* Release */,
			);
			defaultConfigurationIsVisible = 0;
			defaultConfigurationName = Release;
		};
		9F803F951F1F5F5E0068DD60 /* Build configuration list for PBXNativeTarget "LTLineView" */ = {
			isa = XCConfigurationList;
			buildConfigurations = (
				9F803F961F1F5F5E0068DD60 /* Debug */,
				9F803F971F1F5F5E0068DD60 /* Release */,
			);
			defaultConfigurationIsVisible = 0;
			defaultConfigurationName = Release;
		};
/* End XCConfigurationList section */
	};
	rootObject = 9F803F761F1F5F5E0068DD60 /* Project object */;
}
